
Microsoft Visual Studio Solution File, Format Version 12.00
# Visual Studio Version 17
VisualStudioVersion = 17.14.36221.1
MinimumVisualStudioVersion = 10.0.40219.1
Project("{FAE04EC0-301F-11D3-BF4B-00C04F79EFBC}") = "PatientControl", "PatientControl\PatientControl.csproj", "{EC9D32C4-23E4-4C75-A599-2D69E1353BB1}"
EndProject
Project("{2150E333-8FDC-42A3-9474-1A3956D46DE8}") = "Solution Items", "Solution Items", "{8EC462FD-D22E-90A8-E5CE-7E832BA40C5D}"
	ProjectSection(SolutionItems) = preProject
		.gitignore = .gitignore
	EndProjectSection
EndProject
Project("{FAE04EC0-301F-11D3-BF4B-00C04F79EFBC}") = "StaffControl", "StaffControl\StaffControl.csproj", "{0546BFFA-8C1F-4250-A95E-5B9E3DE3BF79}"
EndProject
Project("{FAE04EC0-301F-11D3-BF4B-00C04F79EFBC}") = "AccountControl", "AccountControl\AccountControl.csproj", "{39E8222A-AB28-4F04-81AF-F4831E9DBD86}"
EndProject
Project("{FAE04EC0-301F-11D3-BF4B-00C04F79EFBC}") = "LogControl", "LogControl\LogControl.csproj", "{BB8494E4-E9C9-4DDF-AC5A-9BF2879B8D36}"
EndProject
Project("{FAE04EC0-301F-11D3-BF4B-00C04F79EFBC}") = "Contracts", "Contracts\Contracts.csproj", "{796A8094-FADD-4852-AA1A-88FBB78654F3}"
EndProject
Global
	GlobalSection(SolutionConfigurationPlatforms) = preSolution
		Debug|Any CPU = Debug|Any CPU
		Release|Any CPU = Release|Any CPU
	EndGlobalSection
	GlobalSection(ProjectConfigurationPlatforms) = postSolution
		{EC9D32C4-23E4-4C75-A599-2D69E1353BB1}.Debug|Any CPU.ActiveCfg = Debug|Any CPU
		{EC9D32C4-23E4-4C75-A599-2D69E1353BB1}.Debug|Any CPU.Build.0 = Debug|Any CPU
		{EC9D32C4-23E4-4C75-A599-2D69E1353BB1}.Release|Any CPU.ActiveCfg = Release|Any CPU
		{EC9D32C4-23E4-4C75-A599-2D69E1353BB1}.Release|Any CPU.Build.0 = Release|Any CPU
		{0546BFFA-8C1F-4250-A95E-5B9E3DE3BF79}.Debug|Any CPU.ActiveCfg = Debug|Any CPU
		{0546BFFA-8C1F-4250-A95E-5B9E3DE3BF79}.Debug|Any CPU.Build.0 = Debug|Any CPU
		{0546BFFA-8C1F-4250-A95E-5B9E3DE3BF79}.Release|Any CPU.ActiveCfg = Release|Any CPU
		{0546BFFA-8C1F-4250-A95E-5B9E3DE3BF79}.Release|Any CPU.Build.0 = Release|Any CPU
		{39E8222A-AB28-4F04-81AF-F4831E9DBD86}.Debug|Any CPU.ActiveCfg = Debug|Any CPU
		{39E8222A-AB28-4F04-81AF-F4831E9DBD86}.Debug|Any CPU.Build.0 = Debug|Any CPU
		{39E8222A-AB28-4F04-81AF-F4831E9DBD86}.Release|Any CPU.ActiveCfg = Release|Any CPU
		{39E8222A-AB28-4F04-81AF-F4831E9DBD86}.Release|Any CPU.Build.0 = Release|Any CPU
		{BB8494E4-E9C9-4DDF-AC5A-9BF2879B8D36}.Debug|Any CPU.ActiveCfg = Debug|Any CPU
		{BB8494E4-E9C9-4DDF-AC5A-9BF2879B8D36}.Debug|Any CPU.Build.0 = Debug|Any CPU
		{BB8494E4-E9C9-4DDF-AC5A-9BF2879B8D36}.Release|Any CPU.ActiveCfg = Release|Any CPU
		{BB8494E4-E9C9-4DDF-AC5A-9BF2879B8D36}.Release|Any CPU.Build.0 = Release|Any CPU
		{796A8094-FADD-4852-AA1A-88FBB78654F3}.Debug|Any CPU.ActiveCfg = Debug|Any CPU
		{796A8094-FADD-4852-AA1A-88FBB78654F3}.Debug|Any CPU.Build.0 = Debug|Any CPU
		{796A8094-FADD-4852-AA1A-88FBB78654F3}.Release|Any CPU.ActiveCfg = Release|Any CPU
		{796A8094-FADD-4852-AA1A-88FBB78654F3}.Release|Any CPU.Build.0 = Release|Any CPU
	EndGlobalSection
	GlobalSection(SolutionProperties) = preSolution
		HideSolutionNode = FALSE
	EndGlobalSection
	GlobalSection(ExtensibilityGlobals) = postSolution
		SolutionGuid = {3025EE8A-C255-4632-8D5C-39958F6EC823}
	EndGlobalSection
EndGlobal
